# THIS IS AN AUTOGENERATED FILE. DO NOT EDIT THIS FILE DIRECTLY.
# yarn lockfile v1


coc-css@^1.2.2:
  version "1.2.2"
  resolved "https://registry.yarnpkg.com/coc-css/-/coc-css-1.2.2.tgz#9b62ac96a9db8c687396ab4648c0c67dc3897a2f"
  integrity sha512-JvZnKZZJZemS70o972OEjfnMGGO2sLpJA3iX1OT3CXmaymPb8CmufboyCVnzGMDMbFL/qHgfjbdw9kOg5ZtzzQ==

coc-eslint@^1.2.1:
  version "1.2.1"
  resolved "https://registry.yarnpkg.com/coc-eslint/-/coc-eslint-1.2.1.tgz#f92f000209926934ce1f431658ea59b05bafaed4"
  integrity sha512-Vvv5u5mj7jd9VirRKS+o6RbBQ2kyHyjZYlwQteFEUEHHL+EI0FXwkH1e91h/vJBXRsMEC+Z9h4P7xyHzRHQXVg==

coc-git@^1.5.3:
  version "1.5.3"
  resolved "https://registry.yarnpkg.com/coc-git/-/coc-git-1.5.3.tgz#509f3e66adc6aad251ef4f0b50757ba94816b09f"
  integrity sha512-oAN3WO5a6zbDkCflMDdcoxQgkDwF9UWMcwSiv0ERM5tKZGiOOhVk5D8cdPxIn/2R7iq9i5OmpGP6ojEPSBNgiA==

coc-jest@^1.0.3:
  version "1.0.3"
  resolved "https://registry.yarnpkg.com/coc-jest/-/coc-jest-1.0.3.tgz#d002f31a5f0abe0ba1599cab352811fc78644daa"
  integrity sha512-ZxgOP00URYcmIUnl1yjxonxbwb4QHEk2JJxxcYyCHo2wJPCVQWB+WYVYzHb0pzrZdDcsj5hk6wXWnLXM5EkRjA==

coc-json@^1.2.3:
  version "1.2.3"
  resolved "https://registry.yarnpkg.com/coc-json/-/coc-json-1.2.3.tgz#74fd20ce91387086fdc864011e28348b90063c2b"
  integrity sha512-JlM2CqVuDcxHAxVRcCTd2PsEzAU6jCwJ3N8jaszD3m2HSjq5I796Y7zFmoW6TK/7IOqAiYWCq1l+1yqjTSBedQ==

coc-tsserver@^1.3.13:
  version "1.3.13"
  resolved "https://registry.yarnpkg.com/coc-tsserver/-/coc-tsserver-1.3.13.tgz#f21a72adcb7db91b03512954f944e1ac9a3eb8df"
  integrity sha512-p8yPpiZlb8YCc7wf+LZg6TBrEcEpNBcgu3WuTU6yJiEuk3LvLyY35qN+K20WSunEQb32xy7rqNKiR5MTKrabjg==
  dependencies:
    typescript "3.5.1"

coc-ultisnips@^1.2.3:
  version "1.2.3"
  resolved "https://registry.yarnpkg.com/coc-ultisnips/-/coc-ultisnips-1.2.3.tgz#07dfc47a581111239867f7e27daf8d974f287ad6"
  integrity sha512-gefj80C24vZ9FTnFLWXhNC8aW9VBVQGELH0e80gAAZma/RY5FGOkzWVvtjO9vQqAVHt4TQUErybsf/en5ci82w==

typescript@3.5.1:
  version "3.5.1"
  resolved "https://registry.yarnpkg.com/typescript/-/typescript-3.5.1.tgz#ba72a6a600b2158139c5dd8850f700e231464202"
  integrity sha512-64HkdiRv1yYZsSe4xC1WVgamNigVYjlssIoaH2HcZF0+ijsk5YK2g0G34w9wJkze8+5ow4STd22AynfO6ZYYLw==
